
Microsoft Visual Studio Solution File, Format Version 12.00
# Visual Studio Version 17
VisualStudioVersion = 17.14.36518.9
MinimumVisualStudioVersion = 10.0.40219.1
Project("{FAE04EC0-301F-11D3-BF4B-00C04F79EFBC}") = "DaibucatAntonia_CherechesIlincaMaria", "DaibucatAntonia_CherechesIlincaMaria.csproj", "{FFBB35AB-5ABF-4AB9-95F5-6130B8D48EDE}"
EndProject
Global
	GlobalSection(SolutionConfigurationPlatforms) = preSolution
		Debug|Any CPU = Debug|Any CPU
		Release|Any CPU = Release|Any CPU
	EndGlobalSection
	GlobalSection(ProjectConfigurationPlatforms) = postSolution
		{FFBB35AB-5ABF-4AB9-95F5-6130B8D48EDE}.Debug|Any CPU.ActiveCfg = Debug|Any CPU
		{FFBB35AB-5ABF-4AB9-95F5-6130B8D48EDE}.Debug|Any CPU.Build.0 = Debug|Any CPU
		{FFBB35AB-5ABF-4AB9-95F5-6130B8D48EDE}.Release|Any CPU.ActiveCfg = Release|Any CPU
		{FFBB35AB-5ABF-4AB9-95F5-6130B8D48EDE}.Release|Any CPU.Build.0 = Release|Any CPU
	EndGlobalSection
	GlobalSection(SolutionProperties) = preSolution
		HideSolutionNode = FALSE
	EndGlobalSection
	GlobalSection(ExtensibilityGlobals) = postSolution
		SolutionGuid = {C305987B-BD03-418C-95F9-FAC51E61250A}
	EndGlobalSection
EndGlobal
